{
  "name": "@superseed/restapi",
  "version": "1.1.0",
  "lockfileVersion": 1,
  "requires": true,
  "dependencies": {
    "@superseed/core": {
      "version": "1.1.0",
      "resolved": "https://registry.npmjs.org/@superseed/core/-/core-1.1.0.tgz",
      "integrity": "sha512-V8ggx10GN6wYU3XXGi13XIYio3q81Op3Jr4cxQWaALS4mzal2MCaY3b9S20VS69sPgg76BqQChQFfhz5VY8nzA=="
    },
    "bluebird": {
      "version": "3.5.3",
      "resolved": "http://repo.naturalint.com:8081/repository/NI-NPM/bluebird/-/bluebird-3.5.3.tgz",
      "integrity": "sha512-/qKPUQlaW1OyR51WeCPBvRnAlnZFUJkCSG5HzGnuIqhgyJtF+T94lFnn33eiazjRm2LAHVy2guNnaq48X9SJuw=="
    },
    "encoding": {
      "version": "0.1.12",
      "resolved": "http://repo.naturalint.com:8081/repository/NI-NPM/encoding/-/encoding-0.1.12.tgz",
      "integrity": "sha1-U4tm8+5izRq1HsMjgp0flIDHS+s=",
      "requires": {
        "iconv-lite": "~0.4.13"
      }
    },
    "iconv-lite": {
      "version": "0.4.24",
      "resolved": "http://repo.naturalint.com:8081/repository/NI-NPM/iconv-lite/-/iconv-lite-0.4.24.tgz",
      "integrity": "sha512-v3MXnZAcvnywkTUEZomIActle7RXXeedOR31wwl7VlyoXO4Qi9arvSenNQWne1TcRwhCL1HwLI21bEqdpj8/rA==",
      "requires": {
        "safer-buffer": ">= 2.1.2 < 3"
      }
    },
    "is-stream": {
      "version": "1.1.0",
      "resolved": "http://repo.naturalint.com:8081/repository/NI-NPM/is-stream/-/is-stream-1.1.0.tgz",
      "integrity": "sha1-EtSj3U5o4Lec6428hBc66A2RykQ="
    },
    "isomorphic-fetch": {
      "version": "2.2.1",
      "resolved": "http://repo.naturalint.com:8081/repository/NI-NPM/isomorphic-fetch/-/isomorphic-fetch-2.2.1.tgz",
      "integrity": "sha1-YRrhrPFPXoH3KVB0coGf6XM1WKk=",
      "requires": {
        "node-fetch": "^1.0.1",
        "whatwg-fetch": ">=0.10.0"
      }
    },
    "node-fetch": {
      "version": "1.7.3",
      "resolved": "http://repo.naturalint.com:8081/repository/NI-NPM/node-fetch/-/node-fetch-1.7.3.tgz",
      "integrity": "sha512-NhZ4CsKx7cYm2vSrBAr2PvFOe6sWDf0UYLRqA6svUYg7+/TSfVAu49jYC4BvQ4Sms9SZgdqGBgroqfDhJdTyKQ==",
      "requires": {
        "encoding": "^0.1.11",
        "is-stream": "^1.0.1"
      }
    },
    "restful-model": {
      "version": "0.1.8",
      "resolved": "http://repo.naturalint.com:8081/repository/NI-NPM/restful-model/-/restful-model-0.1.8.tgz",
      "integrity": "sha512-txmCkbdMpg+wnNjsjS0XKcP1mHKSOO1sXEMr37bnnzcnY2Nw0iGA4vPPniDyYb1ZnYhvfl67vzkbfsW6AHDmyQ==",
      "requires": {
        "bluebird": "^3.5.1",
        "isomorphic-fetch": "^2.2.1"
      }
    },
    "safer-buffer": {
      "version": "2.1.2",
      "resolved": "http://repo.naturalint.com:8081/repository/NI-NPM/safer-buffer/-/safer-buffer-2.1.2.tgz",
      "integrity": "sha512-YZo3K82SD7Riyi0E1EQPojLz7kpepnSQI9IyPbHHg1XXXevb5dJI7tpyN2ADxGcQbHG7vcyRHk0cbwqcQriUtg=="
    },
    "whatwg-fetch": {
      "version": "3.0.0",
      "resolved": "http://repo.naturalint.com:8081/repository/NI-NPM/whatwg-fetch/-/whatwg-fetch-3.0.0.tgz",
      "integrity": "sha512-9GSJUgz1D4MfyKU7KRqwOjXCXTqWdFNvEr7eUBYchQiVc744mqK/MzXPNR2WsPkmkOa4ywfg8C2n8h+13Bey1Q=="
    }
  }
}
